
Microsoft Visual Studio Solution File, Format Version 12.00
# Visual Studio Version 16
VisualStudioVersion = 16.0.29709.97
MinimumVisualStudioVersion = 10.0.40219.1
Project("{9A19103F-16F7-4668-BE54-9A1E7A4F7556}") = "BasicTasks", "BasicTasks\BasicTasks.csproj", "{E4256583-2D13-4A5F-972C-81CAC25A0303}"
EndProject
Project("{9A19103F-16F7-4668-BE54-9A1E7A4F7556}") = "ReserveCopy", "ReserveCopy\ReserveCopy.csproj", "{8DCE18A3-294E-44A1-ACFB-5FEA955779D9}"
EndProject
Project("{9A19103F-16F7-4668-BE54-9A1E7A4F7556}") = "Interfaces", "Interfaces\Interfaces.csproj", "{6C3DC0A6-7179-4423-9F7C-F587B1AF19C6}"
EndProject
Project("{2150E333-8FDC-42A3-9474-1A3956D46DE8}") = "Basics", "Basics", "{D42D7A0B-CE08-4E5D-8DBC-19B5F8E5586F}"
	ProjectSection(SolutionItems) = preProject
		EFSamples\BookConfiguration.cs = EFSamples\BookConfiguration.cs
		EFSamples\BookPriceConfiguration.cs = EFSamples\BookPriceConfiguration.cs
		EFSamples\VisitorConfiguration.cs = EFSamples\VisitorConfiguration.cs
	EndProjectSection
EndProject
Project("{9A19103F-16F7-4668-BE54-9A1E7A4F7556}") = "ExceptionsBasics", "ExceptionsBasics\ExceptionsBasics.csproj", "{0C45DA54-CB61-48A8-953D-FCCAF960BB50}"
EndProject
Project("{9A19103F-16F7-4668-BE54-9A1E7A4F7556}") = "Extentions", "Extentions\Extentions.csproj", "{E5D53E53-1CD7-4FBD-B8A3-CCD766327858}"
EndProject
Project("{9A19103F-16F7-4668-BE54-9A1E7A4F7556}") = "Serialization", "Serialization\Serialization.csproj", "{75802ECA-09BF-4A70-A338-9F5A9C749B04}"
EndProject
Project("{9A19103F-16F7-4668-BE54-9A1E7A4F7556}") = "FileSystem", "FileSystem\FileSystem.csproj", "{4C342B83-E1CA-49EF-8729-FD401BFF1D53}"
EndProject
Project("{2150E333-8FDC-42A3-9474-1A3956D46DE8}") = "WinForms", "WinForms", "{564DDA64-C062-473C-B125-170D344FDC94}"
EndProject
Project("{9A19103F-16F7-4668-BE54-9A1E7A4F7556}") = "Overview", "Overview\Overview.csproj", "{4586223C-A9D0-462B-A8BB-8C881FBBD4C0}"
EndProject
Project("{9A19103F-16F7-4668-BE54-9A1E7A4F7556}") = "DirectoryScanner", "DirectoryScanner\DirectoryScanner.csproj", "{74494B49-5B54-4F31-8D79-0F55CCCD9C08}"
EndProject
Project("{FAE04EC0-301F-11D3-BF4B-00C04F79EFBC}") = "GasStation", "GasStation\GasStation.csproj", "{EB873468-7DFF-422E-90DE-EF43631D5E28}"
EndProject
Project("{FAE04EC0-301F-11D3-BF4B-00C04F79EFBC}") = "EventsOverview", "EventsOverview\EventsOverview.csproj", "{C0C9858F-275E-4A6E-AC0E-7718EC19CCE8}"
EndProject
Project("{FAE04EC0-301F-11D3-BF4B-00C04F79EFBC}") = "Todos", "Todos\Todos.csproj", "{933EDA0D-3C07-4F52-B027-05076CD0B8B9}"
EndProject
Project("{9A19103F-16F7-4668-BE54-9A1E7A4F7556}") = "AsyncronousThreads", "AsyncronousThreads\AsyncronousThreads.csproj", "{EA2082CE-2D80-4FFB-A47A-FFE0EB0AF462}"
EndProject
Project("{FAE04EC0-301F-11D3-BF4B-00C04F79EFBC}") = "AsyncForms", "AsyncForms\AsyncForms.csproj", "{274ED877-FEC4-45DF-8C96-9C310C97A404}"
EndProject
Project("{9A19103F-16F7-4668-BE54-9A1E7A4F7556}") = "AsyncAwait", "AsyncAwait\AsyncAwait.csproj", "{9A18B60D-BE49-4CD7-BAE9-DE546ADCEDB0}"
EndProject
Project("{2150E333-8FDC-42A3-9474-1A3956D46DE8}") = "AdoNet", "AdoNet", "{2A4129E7-A16F-4E73-B315-C29EFDEBBC94}"
EndProject
Project("{9A19103F-16F7-4668-BE54-9A1E7A4F7556}") = "DbExample", "DbExample\DbExample.csproj", "{3060CC6F-C5BF-4C1D-9BF2-CDBF42A10A6C}"
EndProject
Project("{2150E333-8FDC-42A3-9474-1A3956D46DE8}") = "Testing", "Testing", "{DEE88FEB-E692-4606-9E66-EF491C6FB86D}"
EndProject
Project("{9A19103F-16F7-4668-BE54-9A1E7A4F7556}") = "Calculator.Tests", "Calculator.Test\Calculator.Tests.csproj", "{A3879F02-E6D1-4C92-AC74-DD1E4BBF1D17}"
EndProject
Project("{9A19103F-16F7-4668-BE54-9A1E7A4F7556}") = "Calculator", "Calculator\Calculator.csproj", "{B6AA40BF-CC4A-415D-83C4-F182805F50CA}"
EndProject
Project("{9A19103F-16F7-4668-BE54-9A1E7A4F7556}") = "PersonParser", "PersonParser\PersonParser.csproj", "{57651107-DE6B-4724-860E-CA46805695C2}"
EndProject
Project("{9A19103F-16F7-4668-BE54-9A1E7A4F7556}") = "PersonParser.Tests", "PersonParser.Tests\PersonParser.Tests.csproj", "{559840C7-4AF5-40D8-BE9F-CB4BD54C7788}"
EndProject
Project("{9A19103F-16F7-4668-BE54-9A1E7A4F7556}") = "DapperClone", "DapperClone\DapperClone.csproj", "{410FFC0F-4B87-49F0-9C42-047AB97D9459}"
EndProject
Project("{9A19103F-16F7-4668-BE54-9A1E7A4F7556}") = "DapperClone.UI", "DapperClone.UI\DapperClone.UI.csproj", "{2E6339C5-8F3E-427A-82FF-7D02672A03BF}"
EndProject
Project("{FAE04EC0-301F-11D3-BF4B-00C04F79EFBC}") = "Disconnected", "Disconnected\Disconnected.csproj", "{E7076E5E-99B4-4C3F-9743-2661ED23FD3B}"
EndProject
Project("{FAE04EC0-301F-11D3-BF4B-00C04F79EFBC}") = "Disconnected.UI", "Disconnected.UI\Disconnected.UI.csproj", "{E24565EA-0A8A-4F1D-AD4A-27F66658FF21}"
EndProject
Project("{9A19103F-16F7-4668-BE54-9A1E7A4F7556}") = "Validation", "Validation\Validation.csproj", "{2F61627A-F674-4CD7-B793-4FE31BD38B67}"
EndProject
Project("{9A19103F-16F7-4668-BE54-9A1E7A4F7556}") = "EFSamples.Data", "EFSamples\EFSamples.Data.csproj", "{D2370F3B-45CB-49FF-BE23-9487015916EC}"
EndProject
Project("{2150E333-8FDC-42A3-9474-1A3956D46DE8}") = "MulitLayeredProject", "MulitLayeredProject", "{0130C0DF-AF71-45B7-8F5B-C02922422AE8}"
EndProject
Project("{9A19103F-16F7-4668-BE54-9A1E7A4F7556}") = "EFSamples.Logic", "EFSamples.Logic\EFSamples.Logic.csproj", "{0ED889C7-9E8C-4051-83CA-5E42C02B96AC}"
EndProject
Project("{9A19103F-16F7-4668-BE54-9A1E7A4F7556}") = "EFSamples.WinForms", "EFSamples.WinForms\EFSamples.WinForms.csproj", "{AA388252-2160-4E69-8558-648EB06B6FC1}"
EndProject
Project("{9A19103F-16F7-4668-BE54-9A1E7A4F7556}") = "UnderstandingHttp", "UnderstandingHttp\UnderstandingHttp.csproj", "{040E8351-617E-4A11-A1F5-110499FFAE4D}"
EndProject
Project("{9A19103F-16F7-4668-BE54-9A1E7A4F7556}") = "TestWebApi", "TestWebApi\TestWebApi.csproj", "{FECEB026-42C0-426C-AAEA-2577638ECC59}"
EndProject
Project("{9A19103F-16F7-4668-BE54-9A1E7A4F7556}") = "TestWebMvc", "TestWebMvc\TestWebMvc.csproj", "{03667233-EEFC-4934-A742-EB51DF6CBD6E}"
EndProject
Project("{2150E333-8FDC-42A3-9474-1A3956D46DE8}") = "ASP.Net", "ASP.Net", "{F02001CA-3045-4622-8DF8-FAE6520E1D77}"
EndProject
Project("{2150E333-8FDC-42A3-9474-1A3956D46DE8}") = "Store", "Store", "{29212CDD-2AAC-4CF7-8FD0-A37A5D59C5B4}"
EndProject
Project("{FAE04EC0-301F-11D3-BF4B-00C04F79EFBC}") = "Store.Web", "Store.Web\Store.Web.csproj", "{F8328CC4-A6B4-4E5B-A79B-2EF3B4ADD5F8}"
EndProject
Project("{FAE04EC0-301F-11D3-BF4B-00C04F79EFBC}") = "Store.Data", "Store.Data\Store.Data.csproj", "{9A812BD2-14FE-487B-B2F0-C804EA4C0B97}"
EndProject
Global
	GlobalSection(SolutionConfigurationPlatforms) = preSolution
		Debug|Any CPU = Debug|Any CPU
		Release|Any CPU = Release|Any CPU
	EndGlobalSection
	GlobalSection(ProjectConfigurationPlatforms) = postSolution
		{E4256583-2D13-4A5F-972C-81CAC25A0303}.Debug|Any CPU.ActiveCfg = Debug|Any CPU
		{E4256583-2D13-4A5F-972C-81CAC25A0303}.Debug|Any CPU.Build.0 = Debug|Any CPU
		{E4256583-2D13-4A5F-972C-81CAC25A0303}.Release|Any CPU.ActiveCfg = Release|Any CPU
		{E4256583-2D13-4A5F-972C-81CAC25A0303}.Release|Any CPU.Build.0 = Release|Any CPU
		{8DCE18A3-294E-44A1-ACFB-5FEA955779D9}.Debug|Any CPU.ActiveCfg = Debug|Any CPU
		{8DCE18A3-294E-44A1-ACFB-5FEA955779D9}.Debug|Any CPU.Build.0 = Debug|Any CPU
		{8DCE18A3-294E-44A1-ACFB-5FEA955779D9}.Release|Any CPU.ActiveCfg = Release|Any CPU
		{8DCE18A3-294E-44A1-ACFB-5FEA955779D9}.Release|Any CPU.Build.0 = Release|Any CPU
		{6C3DC0A6-7179-4423-9F7C-F587B1AF19C6}.Debug|Any CPU.ActiveCfg = Debug|Any CPU
		{6C3DC0A6-7179-4423-9F7C-F587B1AF19C6}.Debug|Any CPU.Build.0 = Debug|Any CPU
		{6C3DC0A6-7179-4423-9F7C-F587B1AF19C6}.Release|Any CPU.ActiveCfg = Release|Any CPU
		{6C3DC0A6-7179-4423-9F7C-F587B1AF19C6}.Release|Any CPU.Build.0 = Release|Any CPU
		{0C45DA54-CB61-48A8-953D-FCCAF960BB50}.Debug|Any CPU.ActiveCfg = Debug|Any CPU
		{0C45DA54-CB61-48A8-953D-FCCAF960BB50}.Debug|Any CPU.Build.0 = Debug|Any CPU
		{0C45DA54-CB61-48A8-953D-FCCAF960BB50}.Release|Any CPU.ActiveCfg = Release|Any CPU
		{0C45DA54-CB61-48A8-953D-FCCAF960BB50}.Release|Any CPU.Build.0 = Release|Any CPU
		{E5D53E53-1CD7-4FBD-B8A3-CCD766327858}.Debug|Any CPU.ActiveCfg = Debug|Any CPU
		{E5D53E53-1CD7-4FBD-B8A3-CCD766327858}.Debug|Any CPU.Build.0 = Debug|Any CPU
		{E5D53E53-1CD7-4FBD-B8A3-CCD766327858}.Release|Any CPU.ActiveCfg = Release|Any CPU
		{E5D53E53-1CD7-4FBD-B8A3-CCD766327858}.Release|Any CPU.Build.0 = Release|Any CPU
		{75802ECA-09BF-4A70-A338-9F5A9C749B04}.Debug|Any CPU.ActiveCfg = Debug|Any CPU
		{75802ECA-09BF-4A70-A338-9F5A9C749B04}.Debug|Any CPU.Build.0 = Debug|Any CPU
		{75802ECA-09BF-4A70-A338-9F5A9C749B04}.Release|Any CPU.ActiveCfg = Release|Any CPU
		{75802ECA-09BF-4A70-A338-9F5A9C749B04}.Release|Any CPU.Build.0 = Release|Any CPU
		{4C342B83-E1CA-49EF-8729-FD401BFF1D53}.Debug|Any CPU.ActiveCfg = Debug|Any CPU
		{4C342B83-E1CA-49EF-8729-FD401BFF1D53}.Debug|Any CPU.Build.0 = Debug|Any CPU
		{4C342B83-E1CA-49EF-8729-FD401BFF1D53}.Release|Any CPU.ActiveCfg = Release|Any CPU
		{4C342B83-E1CA-49EF-8729-FD401BFF1D53}.Release|Any CPU.Build.0 = Release|Any CPU
		{4586223C-A9D0-462B-A8BB-8C881FBBD4C0}.Debug|Any CPU.ActiveCfg = Debug|Any CPU
		{4586223C-A9D0-462B-A8BB-8C881FBBD4C0}.Debug|Any CPU.Build.0 = Debug|Any CPU
		{4586223C-A9D0-462B-A8BB-8C881FBBD4C0}.Release|Any CPU.ActiveCfg = Release|Any CPU
		{4586223C-A9D0-462B-A8BB-8C881FBBD4C0}.Release|Any CPU.Build.0 = Release|Any CPU
		{74494B49-5B54-4F31-8D79-0F55CCCD9C08}.Debug|Any CPU.ActiveCfg = Debug|Any CPU
		{74494B49-5B54-4F31-8D79-0F55CCCD9C08}.Debug|Any CPU.Build.0 = Debug|Any CPU
		{74494B49-5B54-4F31-8D79-0F55CCCD9C08}.Release|Any CPU.ActiveCfg = Release|Any CPU
		{74494B49-5B54-4F31-8D79-0F55CCCD9C08}.Release|Any CPU.Build.0 = Release|Any CPU
		{EB873468-7DFF-422E-90DE-EF43631D5E28}.Debug|Any CPU.ActiveCfg = Debug|Any CPU
		{EB873468-7DFF-422E-90DE-EF43631D5E28}.Debug|Any CPU.Build.0 = Debug|Any CPU
		{EB873468-7DFF-422E-90DE-EF43631D5E28}.Release|Any CPU.ActiveCfg = Release|Any CPU
		{EB873468-7DFF-422E-90DE-EF43631D5E28}.Release|Any CPU.Build.0 = Release|Any CPU
		{C0C9858F-275E-4A6E-AC0E-7718EC19CCE8}.Debug|Any CPU.ActiveCfg = Debug|Any CPU
		{C0C9858F-275E-4A6E-AC0E-7718EC19CCE8}.Debug|Any CPU.Build.0 = Debug|Any CPU
		{C0C9858F-275E-4A6E-AC0E-7718EC19CCE8}.Release|Any CPU.ActiveCfg = Release|Any CPU
		{C0C9858F-275E-4A6E-AC0E-7718EC19CCE8}.Release|Any CPU.Build.0 = Release|Any CPU
		{933EDA0D-3C07-4F52-B027-05076CD0B8B9}.Debug|Any CPU.ActiveCfg = Debug|Any CPU
		{933EDA0D-3C07-4F52-B027-05076CD0B8B9}.Debug|Any CPU.Build.0 = Debug|Any CPU
		{933EDA0D-3C07-4F52-B027-05076CD0B8B9}.Release|Any CPU.ActiveCfg = Release|Any CPU
		{933EDA0D-3C07-4F52-B027-05076CD0B8B9}.Release|Any CPU.Build.0 = Release|Any CPU
		{EA2082CE-2D80-4FFB-A47A-FFE0EB0AF462}.Debug|Any CPU.ActiveCfg = Debug|Any CPU
		{EA2082CE-2D80-4FFB-A47A-FFE0EB0AF462}.Debug|Any CPU.Build.0 = Debug|Any CPU
		{EA2082CE-2D80-4FFB-A47A-FFE0EB0AF462}.Release|Any CPU.ActiveCfg = Release|Any CPU
		{EA2082CE-2D80-4FFB-A47A-FFE0EB0AF462}.Release|Any CPU.Build.0 = Release|Any CPU
		{274ED877-FEC4-45DF-8C96-9C310C97A404}.Debug|Any CPU.ActiveCfg = Debug|Any CPU
		{274ED877-FEC4-45DF-8C96-9C310C97A404}.Debug|Any CPU.Build.0 = Debug|Any CPU
		{274ED877-FEC4-45DF-8C96-9C310C97A404}.Release|Any CPU.ActiveCfg = Release|Any CPU
		{274ED877-FEC4-45DF-8C96-9C310C97A404}.Release|Any CPU.Build.0 = Release|Any CPU
		{9A18B60D-BE49-4CD7-BAE9-DE546ADCEDB0}.Debug|Any CPU.ActiveCfg = Debug|Any CPU
		{9A18B60D-BE49-4CD7-BAE9-DE546ADCEDB0}.Debug|Any CPU.Build.0 = Debug|Any CPU
		{9A18B60D-BE49-4CD7-BAE9-DE546ADCEDB0}.Release|Any CPU.ActiveCfg = Release|Any CPU
		{9A18B60D-BE49-4CD7-BAE9-DE546ADCEDB0}.Release|Any CPU.Build.0 = Release|Any CPU
		{3060CC6F-C5BF-4C1D-9BF2-CDBF42A10A6C}.Debug|Any CPU.ActiveCfg = Debug|Any CPU
		{3060CC6F-C5BF-4C1D-9BF2-CDBF42A10A6C}.Debug|Any CPU.Build.0 = Debug|Any CPU
		{3060CC6F-C5BF-4C1D-9BF2-CDBF42A10A6C}.Release|Any CPU.ActiveCfg = Release|Any CPU
		{3060CC6F-C5BF-4C1D-9BF2-CDBF42A10A6C}.Release|Any CPU.Build.0 = Release|Any CPU
		{A3879F02-E6D1-4C92-AC74-DD1E4BBF1D17}.Debug|Any CPU.ActiveCfg = Debug|Any CPU
		{A3879F02-E6D1-4C92-AC74-DD1E4BBF1D17}.Debug|Any CPU.Build.0 = Debug|Any CPU
		{A3879F02-E6D1-4C92-AC74-DD1E4BBF1D17}.Release|Any CPU.ActiveCfg = Release|Any CPU
		{A3879F02-E6D1-4C92-AC74-DD1E4BBF1D17}.Release|Any CPU.Build.0 = Release|Any CPU
		{B6AA40BF-CC4A-415D-83C4-F182805F50CA}.Debug|Any CPU.ActiveCfg = Debug|Any CPU
		{B6AA40BF-CC4A-415D-83C4-F182805F50CA}.Debug|Any CPU.Build.0 = Debug|Any CPU
		{B6AA40BF-CC4A-415D-83C4-F182805F50CA}.Release|Any CPU.ActiveCfg = Release|Any CPU
		{B6AA40BF-CC4A-415D-83C4-F182805F50CA}.Release|Any CPU.Build.0 = Release|Any CPU
		{57651107-DE6B-4724-860E-CA46805695C2}.Debug|Any CPU.ActiveCfg = Debug|Any CPU
		{57651107-DE6B-4724-860E-CA46805695C2}.Debug|Any CPU.Build.0 = Debug|Any CPU
		{57651107-DE6B-4724-860E-CA46805695C2}.Release|Any CPU.ActiveCfg = Release|Any CPU
		{57651107-DE6B-4724-860E-CA46805695C2}.Release|Any CPU.Build.0 = Release|Any CPU
		{559840C7-4AF5-40D8-BE9F-CB4BD54C7788}.Debug|Any CPU.ActiveCfg = Debug|Any CPU
		{559840C7-4AF5-40D8-BE9F-CB4BD54C7788}.Debug|Any CPU.Build.0 = Debug|Any CPU
		{559840C7-4AF5-40D8-BE9F-CB4BD54C7788}.Release|Any CPU.ActiveCfg = Release|Any CPU
		{559840C7-4AF5-40D8-BE9F-CB4BD54C7788}.Release|Any CPU.Build.0 = Release|Any CPU
		{410FFC0F-4B87-49F0-9C42-047AB97D9459}.Debug|Any CPU.ActiveCfg = Debug|Any CPU
		{410FFC0F-4B87-49F0-9C42-047AB97D9459}.Debug|Any CPU.Build.0 = Debug|Any CPU
		{410FFC0F-4B87-49F0-9C42-047AB97D9459}.Release|Any CPU.ActiveCfg = Release|Any CPU
		{410FFC0F-4B87-49F0-9C42-047AB97D9459}.Release|Any CPU.Build.0 = Release|Any CPU
		{2E6339C5-8F3E-427A-82FF-7D02672A03BF}.Debug|Any CPU.ActiveCfg = Debug|Any CPU
		{2E6339C5-8F3E-427A-82FF-7D02672A03BF}.Debug|Any CPU.Build.0 = Debug|Any CPU
		{2E6339C5-8F3E-427A-82FF-7D02672A03BF}.Release|Any CPU.ActiveCfg = Release|Any CPU
		{2E6339C5-8F3E-427A-82FF-7D02672A03BF}.Release|Any CPU.Build.0 = Release|Any CPU
		{E7076E5E-99B4-4C3F-9743-2661ED23FD3B}.Debug|Any CPU.ActiveCfg = Debug|Any CPU
		{E7076E5E-99B4-4C3F-9743-2661ED23FD3B}.Debug|Any CPU.Build.0 = Debug|Any CPU
		{E7076E5E-99B4-4C3F-9743-2661ED23FD3B}.Release|Any CPU.ActiveCfg = Release|Any CPU
		{E7076E5E-99B4-4C3F-9743-2661ED23FD3B}.Release|Any CPU.Build.0 = Release|Any CPU
		{E24565EA-0A8A-4F1D-AD4A-27F66658FF21}.Debug|Any CPU.ActiveCfg = Debug|Any CPU
		{E24565EA-0A8A-4F1D-AD4A-27F66658FF21}.Debug|Any CPU.Build.0 = Debug|Any CPU
		{E24565EA-0A8A-4F1D-AD4A-27F66658FF21}.Release|Any CPU.ActiveCfg = Release|Any CPU
		{E24565EA-0A8A-4F1D-AD4A-27F66658FF21}.Release|Any CPU.Build.0 = Release|Any CPU
		{2F61627A-F674-4CD7-B793-4FE31BD38B67}.Debug|Any CPU.ActiveCfg = Debug|Any CPU
		{2F61627A-F674-4CD7-B793-4FE31BD38B67}.Debug|Any CPU.Build.0 = Debug|Any CPU
		{2F61627A-F674-4CD7-B793-4FE31BD38B67}.Release|Any CPU.ActiveCfg = Release|Any CPU
		{2F61627A-F674-4CD7-B793-4FE31BD38B67}.Release|Any CPU.Build.0 = Release|Any CPU
		{D2370F3B-45CB-49FF-BE23-9487015916EC}.Debug|Any CPU.ActiveCfg = Debug|Any CPU
		{D2370F3B-45CB-49FF-BE23-9487015916EC}.Debug|Any CPU.Build.0 = Debug|Any CPU
		{D2370F3B-45CB-49FF-BE23-9487015916EC}.Release|Any CPU.ActiveCfg = Release|Any CPU
		{D2370F3B-45CB-49FF-BE23-9487015916EC}.Release|Any CPU.Build.0 = Release|Any CPU
		{0ED889C7-9E8C-4051-83CA-5E42C02B96AC}.Debug|Any CPU.ActiveCfg = Debug|Any CPU
		{0ED889C7-9E8C-4051-83CA-5E42C02B96AC}.Debug|Any CPU.Build.0 = Debug|Any CPU
		{0ED889C7-9E8C-4051-83CA-5E42C02B96AC}.Release|Any CPU.ActiveCfg = Release|Any CPU
		{0ED889C7-9E8C-4051-83CA-5E42C02B96AC}.Release|Any CPU.Build.0 = Release|Any CPU
		{AA388252-2160-4E69-8558-648EB06B6FC1}.Debug|Any CPU.ActiveCfg = Debug|Any CPU
		{AA388252-2160-4E69-8558-648EB06B6FC1}.Debug|Any CPU.Build.0 = Debug|Any CPU
		{AA388252-2160-4E69-8558-648EB06B6FC1}.Release|Any CPU.ActiveCfg = Release|Any CPU
		{AA388252-2160-4E69-8558-648EB06B6FC1}.Release|Any CPU.Build.0 = Release|Any CPU
		{040E8351-617E-4A11-A1F5-110499FFAE4D}.Debug|Any CPU.ActiveCfg = Debug|Any CPU
		{040E8351-617E-4A11-A1F5-110499FFAE4D}.Debug|Any CPU.Build.0 = Debug|Any CPU
		{040E8351-617E-4A11-A1F5-110499FFAE4D}.Release|Any CPU.ActiveCfg = Release|Any CPU
		{040E8351-617E-4A11-A1F5-110499FFAE4D}.Release|Any CPU.Build.0 = Release|Any CPU
		{FECEB026-42C0-426C-AAEA-2577638ECC59}.Debug|Any CPU.ActiveCfg = Debug|Any CPU
		{FECEB026-42C0-426C-AAEA-2577638ECC59}.Debug|Any CPU.Build.0 = Debug|Any CPU
		{FECEB026-42C0-426C-AAEA-2577638ECC59}.Release|Any CPU.ActiveCfg = Release|Any CPU
		{FECEB026-42C0-426C-AAEA-2577638ECC59}.Release|Any CPU.Build.0 = Release|Any CPU
		{03667233-EEFC-4934-A742-EB51DF6CBD6E}.Debug|Any CPU.ActiveCfg = Debug|Any CPU
		{03667233-EEFC-4934-A742-EB51DF6CBD6E}.Debug|Any CPU.Build.0 = Debug|Any CPU
		{03667233-EEFC-4934-A742-EB51DF6CBD6E}.Release|Any CPU.ActiveCfg = Release|Any CPU
		{03667233-EEFC-4934-A742-EB51DF6CBD6E}.Release|Any CPU.Build.0 = Release|Any CPU
		{F8328CC4-A6B4-4E5B-A79B-2EF3B4ADD5F8}.Debug|Any CPU.ActiveCfg = Debug|Any CPU
		{F8328CC4-A6B4-4E5B-A79B-2EF3B4ADD5F8}.Debug|Any CPU.Build.0 = Debug|Any CPU
		{F8328CC4-A6B4-4E5B-A79B-2EF3B4ADD5F8}.Release|Any CPU.ActiveCfg = Release|Any CPU
		{F8328CC4-A6B4-4E5B-A79B-2EF3B4ADD5F8}.Release|Any CPU.Build.0 = Release|Any CPU
		{9A812BD2-14FE-487B-B2F0-C804EA4C0B97}.Debug|Any CPU.ActiveCfg = Debug|Any CPU
		{9A812BD2-14FE-487B-B2F0-C804EA4C0B97}.Debug|Any CPU.Build.0 = Debug|Any CPU
		{9A812BD2-14FE-487B-B2F0-C804EA4C0B97}.Release|Any CPU.ActiveCfg = Release|Any CPU
		{9A812BD2-14FE-487B-B2F0-C804EA4C0B97}.Release|Any CPU.Build.0 = Release|Any CPU
	EndGlobalSection
	GlobalSection(SolutionProperties) = preSolution
		HideSolutionNode = FALSE
	EndGlobalSection
	GlobalSection(NestedProjects) = preSolution
		{E4256583-2D13-4A5F-972C-81CAC25A0303} = {D42D7A0B-CE08-4E5D-8DBC-19B5F8E5586F}
		{8DCE18A3-294E-44A1-ACFB-5FEA955779D9} = {D42D7A0B-CE08-4E5D-8DBC-19B5F8E5586F}
		{6C3DC0A6-7179-4423-9F7C-F587B1AF19C6} = {D42D7A0B-CE08-4E5D-8DBC-19B5F8E5586F}
		{0C45DA54-CB61-48A8-953D-FCCAF960BB50} = {D42D7A0B-CE08-4E5D-8DBC-19B5F8E5586F}
		{E5D53E53-1CD7-4FBD-B8A3-CCD766327858} = {D42D7A0B-CE08-4E5D-8DBC-19B5F8E5586F}
		{75802ECA-09BF-4A70-A338-9F5A9C749B04} = {D42D7A0B-CE08-4E5D-8DBC-19B5F8E5586F}
		{4C342B83-E1CA-49EF-8729-FD401BFF1D53} = {D42D7A0B-CE08-4E5D-8DBC-19B5F8E5586F}
		{4586223C-A9D0-462B-A8BB-8C881FBBD4C0} = {564DDA64-C062-473C-B125-170D344FDC94}
		{74494B49-5B54-4F31-8D79-0F55CCCD9C08} = {564DDA64-C062-473C-B125-170D344FDC94}
		{EB873468-7DFF-422E-90DE-EF43631D5E28} = {564DDA64-C062-473C-B125-170D344FDC94}
		{C0C9858F-275E-4A6E-AC0E-7718EC19CCE8} = {564DDA64-C062-473C-B125-170D344FDC94}
		{933EDA0D-3C07-4F52-B027-05076CD0B8B9} = {564DDA64-C062-473C-B125-170D344FDC94}
		{EA2082CE-2D80-4FFB-A47A-FFE0EB0AF462} = {D42D7A0B-CE08-4E5D-8DBC-19B5F8E5586F}
		{274ED877-FEC4-45DF-8C96-9C310C97A404} = {564DDA64-C062-473C-B125-170D344FDC94}
		{9A18B60D-BE49-4CD7-BAE9-DE546ADCEDB0} = {D42D7A0B-CE08-4E5D-8DBC-19B5F8E5586F}
		{3060CC6F-C5BF-4C1D-9BF2-CDBF42A10A6C} = {2A4129E7-A16F-4E73-B315-C29EFDEBBC94}
		{A3879F02-E6D1-4C92-AC74-DD1E4BBF1D17} = {DEE88FEB-E692-4606-9E66-EF491C6FB86D}
		{B6AA40BF-CC4A-415D-83C4-F182805F50CA} = {DEE88FEB-E692-4606-9E66-EF491C6FB86D}
		{57651107-DE6B-4724-860E-CA46805695C2} = {DEE88FEB-E692-4606-9E66-EF491C6FB86D}
		{559840C7-4AF5-40D8-BE9F-CB4BD54C7788} = {DEE88FEB-E692-4606-9E66-EF491C6FB86D}
		{410FFC0F-4B87-49F0-9C42-047AB97D9459} = {2A4129E7-A16F-4E73-B315-C29EFDEBBC94}
		{2E6339C5-8F3E-427A-82FF-7D02672A03BF} = {2A4129E7-A16F-4E73-B315-C29EFDEBBC94}
		{E7076E5E-99B4-4C3F-9743-2661ED23FD3B} = {2A4129E7-A16F-4E73-B315-C29EFDEBBC94}
		{E24565EA-0A8A-4F1D-AD4A-27F66658FF21} = {2A4129E7-A16F-4E73-B315-C29EFDEBBC94}
		{2F61627A-F674-4CD7-B793-4FE31BD38B67} = {D42D7A0B-CE08-4E5D-8DBC-19B5F8E5586F}
		{D2370F3B-45CB-49FF-BE23-9487015916EC} = {0130C0DF-AF71-45B7-8F5B-C02922422AE8}
		{0130C0DF-AF71-45B7-8F5B-C02922422AE8} = {2A4129E7-A16F-4E73-B315-C29EFDEBBC94}
		{0ED889C7-9E8C-4051-83CA-5E42C02B96AC} = {0130C0DF-AF71-45B7-8F5B-C02922422AE8}
		{AA388252-2160-4E69-8558-648EB06B6FC1} = {0130C0DF-AF71-45B7-8F5B-C02922422AE8}
		{040E8351-617E-4A11-A1F5-110499FFAE4D} = {F02001CA-3045-4622-8DF8-FAE6520E1D77}
		{FECEB026-42C0-426C-AAEA-2577638ECC59} = {F02001CA-3045-4622-8DF8-FAE6520E1D77}
		{03667233-EEFC-4934-A742-EB51DF6CBD6E} = {F02001CA-3045-4622-8DF8-FAE6520E1D77}
		{29212CDD-2AAC-4CF7-8FD0-A37A5D59C5B4} = {F02001CA-3045-4622-8DF8-FAE6520E1D77}
		{F8328CC4-A6B4-4E5B-A79B-2EF3B4ADD5F8} = {29212CDD-2AAC-4CF7-8FD0-A37A5D59C5B4}
		{9A812BD2-14FE-487B-B2F0-C804EA4C0B97} = {29212CDD-2AAC-4CF7-8FD0-A37A5D59C5B4}
	EndGlobalSection
	GlobalSection(ExtensibilityGlobals) = postSolution
		SolutionGuid = {AB84DAC9-6824-436B-B35A-26A26EE8592E}
	EndGlobalSection
EndGlobal
