
Microsoft Visual Studio Solution File, Format Version 12.00
# Visual Studio Version 16
VisualStudioVersion = 16.0.29709.97
MinimumVisualStudioVersion = 10.0.40219.1
Project("{9A19103F-16F7-4668-BE54-9A1E7A4F7556}") = "BasicTasks", "BasicTasks\BasicTasks.csproj", "{E4256583-2D13-4A5F-972C-81CAC25A0303}"
EndProject
Project("{9A19103F-16F7-4668-BE54-9A1E7A4F7556}") = "ReserveCopy", "ReserveCopy\ReserveCopy.csproj", "{8DCE18A3-294E-44A1-ACFB-5FEA955779D9}"
EndProject
Project("{9A19103F-16F7-4668-BE54-9A1E7A4F7556}") = "Interfaces", "Interfaces\Interfaces.csproj", "{6C3DC0A6-7179-4423-9F7C-F587B1AF19C6}"
EndProject
Project("{2150E333-8FDC-42A3-9474-1A3956D46DE8}") = "Basics", "Basics", "{D42D7A0B-CE08-4E5D-8DBC-19B5F8E5586F}"
EndProject
Project("{9A19103F-16F7-4668-BE54-9A1E7A4F7556}") = "ExceptionsBasics", "ExceptionsBasics\ExceptionsBasics.csproj", "{0C45DA54-CB61-48A8-953D-FCCAF960BB50}"
EndProject
Project("{9A19103F-16F7-4668-BE54-9A1E7A4F7556}") = "Extentions", "Extentions\Extentions.csproj", "{E5D53E53-1CD7-4FBD-B8A3-CCD766327858}"
EndProject
Project("{9A19103F-16F7-4668-BE54-9A1E7A4F7556}") = "Serialization", "Serialization\Serialization.csproj", "{75802ECA-09BF-4A70-A338-9F5A9C749B04}"
EndProject
Global
	GlobalSection(SolutionConfigurationPlatforms) = preSolution
		Debug|Any CPU = Debug|Any CPU
		Release|Any CPU = Release|Any CPU
	EndGlobalSection
	GlobalSection(ProjectConfigurationPlatforms) = postSolution
		{E4256583-2D13-4A5F-972C-81CAC25A0303}.Debug|Any CPU.ActiveCfg = Debug|Any CPU
		{E4256583-2D13-4A5F-972C-81CAC25A0303}.Debug|Any CPU.Build.0 = Debug|Any CPU
		{E4256583-2D13-4A5F-972C-81CAC25A0303}.Release|Any CPU.ActiveCfg = Release|Any CPU
		{E4256583-2D13-4A5F-972C-81CAC25A0303}.Release|Any CPU.Build.0 = Release|Any CPU
		{8DCE18A3-294E-44A1-ACFB-5FEA955779D9}.Debug|Any CPU.ActiveCfg = Debug|Any CPU
		{8DCE18A3-294E-44A1-ACFB-5FEA955779D9}.Debug|Any CPU.Build.0 = Debug|Any CPU
		{8DCE18A3-294E-44A1-ACFB-5FEA955779D9}.Release|Any CPU.ActiveCfg = Release|Any CPU
		{8DCE18A3-294E-44A1-ACFB-5FEA955779D9}.Release|Any CPU.Build.0 = Release|Any CPU
		{6C3DC0A6-7179-4423-9F7C-F587B1AF19C6}.Debug|Any CPU.ActiveCfg = Debug|Any CPU
		{6C3DC0A6-7179-4423-9F7C-F587B1AF19C6}.Debug|Any CPU.Build.0 = Debug|Any CPU
		{6C3DC0A6-7179-4423-9F7C-F587B1AF19C6}.Release|Any CPU.ActiveCfg = Release|Any CPU
		{6C3DC0A6-7179-4423-9F7C-F587B1AF19C6}.Release|Any CPU.Build.0 = Release|Any CPU
		{0C45DA54-CB61-48A8-953D-FCCAF960BB50}.Debug|Any CPU.ActiveCfg = Debug|Any CPU
		{0C45DA54-CB61-48A8-953D-FCCAF960BB50}.Debug|Any CPU.Build.0 = Debug|Any CPU
		{0C45DA54-CB61-48A8-953D-FCCAF960BB50}.Release|Any CPU.ActiveCfg = Release|Any CPU
		{0C45DA54-CB61-48A8-953D-FCCAF960BB50}.Release|Any CPU.Build.0 = Release|Any CPU
		{E5D53E53-1CD7-4FBD-B8A3-CCD766327858}.Debug|Any CPU.ActiveCfg = Debug|Any CPU
		{E5D53E53-1CD7-4FBD-B8A3-CCD766327858}.Debug|Any CPU.Build.0 = Debug|Any CPU
		{E5D53E53-1CD7-4FBD-B8A3-CCD766327858}.Release|Any CPU.ActiveCfg = Release|Any CPU
		{E5D53E53-1CD7-4FBD-B8A3-CCD766327858}.Release|Any CPU.Build.0 = Release|Any CPU
		{75802ECA-09BF-4A70-A338-9F5A9C749B04}.Debug|Any CPU.ActiveCfg = Debug|Any CPU
		{75802ECA-09BF-4A70-A338-9F5A9C749B04}.Debug|Any CPU.Build.0 = Debug|Any CPU
		{75802ECA-09BF-4A70-A338-9F5A9C749B04}.Release|Any CPU.ActiveCfg = Release|Any CPU
		{75802ECA-09BF-4A70-A338-9F5A9C749B04}.Release|Any CPU.Build.0 = Release|Any CPU
	EndGlobalSection
	GlobalSection(SolutionProperties) = preSolution
		HideSolutionNode = FALSE
	EndGlobalSection
	GlobalSection(NestedProjects) = preSolution
		{E4256583-2D13-4A5F-972C-81CAC25A0303} = {D42D7A0B-CE08-4E5D-8DBC-19B5F8E5586F}
		{8DCE18A3-294E-44A1-ACFB-5FEA955779D9} = {D42D7A0B-CE08-4E5D-8DBC-19B5F8E5586F}
		{6C3DC0A6-7179-4423-9F7C-F587B1AF19C6} = {D42D7A0B-CE08-4E5D-8DBC-19B5F8E5586F}
	EndGlobalSection
	GlobalSection(ExtensibilityGlobals) = postSolution
		SolutionGuid = {AB84DAC9-6824-436B-B35A-26A26EE8592E}
	EndGlobalSection
EndGlobal
